{
  "name": "@rbxts/ghostevents",
  "version": "1.0.0",
  "lockfileVersion": 3,
  "requires": true,
  "packages": {
    "": {
      "name": "@rbxts/ghostevents",
      "version": "1.0.0",
      "license": "ISC",
      "devDependencies": {
        "@rbxts/compiler-types": "^2.0.4-types.1",
        "@rbxts/types": "^1.0.746",
        "typescript": "^5.3.3"
      }
    },
    "node_modules/@rbxts/compiler-types": {
      "version": "2.0.4-types.1",
      "resolved": "https://registry.npmjs.org/@rbxts/compiler-types/-/compiler-types-2.0.4-types.1.tgz",
      "integrity": "sha512-sLFiyMH9j8kcCd07lt6R+WgneksCGqYUFKu7qX02ufUU7r9eR2dXoOt2A9Nxh3unTuCu5mYyO0M6JYb82fOHxA==",
      "dev": true
    },
    "node_modules/@rbxts/types": {
      "version": "1.0.746",
      "resolved": "https://registry.npmjs.org/@rbxts/types/-/types-1.0.746.tgz",
      "integrity": "sha512-inD9xg4JsywIqEHF0fX57Z42a3TiwsQOdfbLvcdlaXYveBhn/BAYWszDissgXTndpKdlfTLwvQMMXgLNEwdMAw==",
      "dev": true
    },
    "node_modules/typescript": {
      "version": "5.3.3",
      "resolved": "https://registry.npmjs.org/typescript/-/typescript-5.3.3.tgz",
      "integrity": "sha512-pXWcraxM0uxAS+tN0AG/BF2TyqmHO014Z070UsJ+pFvYuRSq8KH8DmWpnbXe0pEPDHXZV3FcAbJkijJ5oNEnWw==",
      "dev": true,
      "bin": {
        "tsc": "bin/tsc",
        "tsserver": "bin/tsserver"
      },
      "engines": {
        "node": ">=14.17"
      }
    }
  }
}
